
Microsoft Visual Studio Solution File, Format Version 12.00
# Visual Studio Version 17
VisualStudioVersion = 17.4.32804.182
MinimumVisualStudioVersion = 10.0.40219.1
Project("{FAE04EC0-301F-11D3-BF4B-00C04F79EFBC}") = "MultiLineStringFormatter.Core", "MultiLineStringFormatter.Core\MultiLineStringFormatter.Core.csproj", "{2CAD6665-B7BE-4C12-803D-98A842A4FABA}"
EndProject
Project("{FAE04EC0-301F-11D3-BF4B-00C04F79EFBC}") = "MultiLineStringFormatter.Maui", "MultiLineStringFormatter.Maui\MultiLineStringFormatter.Maui.csproj", "{AF3D112B-2698-4187-89DC-47E895D2B414}"
EndProject
Project("{FAE04EC0-301F-11D3-BF4B-00C04F79EFBC}") = "MultiLineStringFormatter.Tests", "MultiLineStringFormatter.Tests\MultiLineStringFormatter.Tests.csproj", "{60B28C80-8C1F-4E5E-A62F-1C8AFD751E80}"
EndProject
Global
	GlobalSection(SolutionConfigurationPlatforms) = preSolution
		Debug|Any CPU = Debug|Any CPU
		Release|Any CPU = Release|Any CPU
	EndGlobalSection
	GlobalSection(ProjectConfigurationPlatforms) = postSolution
		{2CAD6665-B7BE-4C12-803D-98A842A4FABA}.Debug|Any CPU.ActiveCfg = Debug|Any CPU
		{2CAD6665-B7BE-4C12-803D-98A842A4FABA}.Debug|Any CPU.Build.0 = Debug|Any CPU
		{2CAD6665-B7BE-4C12-803D-98A842A4FABA}.Release|Any CPU.ActiveCfg = Release|Any CPU
		{2CAD6665-B7BE-4C12-803D-98A842A4FABA}.Release|Any CPU.Build.0 = Release|Any CPU
		{AF3D112B-2698-4187-89DC-47E895D2B414}.Debug|Any CPU.ActiveCfg = Debug|Any CPU
		{AF3D112B-2698-4187-89DC-47E895D2B414}.Debug|Any CPU.Build.0 = Debug|Any CPU
		{AF3D112B-2698-4187-89DC-47E895D2B414}.Release|Any CPU.ActiveCfg = Release|Any CPU
		{AF3D112B-2698-4187-89DC-47E895D2B414}.Release|Any CPU.Build.0 = Release|Any CPU
		{60B28C80-8C1F-4E5E-A62F-1C8AFD751E80}.Debug|Any CPU.ActiveCfg = Debug|Any CPU
		{60B28C80-8C1F-4E5E-A62F-1C8AFD751E80}.Debug|Any CPU.Build.0 = Debug|Any CPU
		{60B28C80-8C1F-4E5E-A62F-1C8AFD751E80}.Release|Any CPU.ActiveCfg = Release|Any CPU
		{60B28C80-8C1F-4E5E-A62F-1C8AFD751E80}.Release|Any CPU.Build.0 = Release|Any CPU
	EndGlobalSection
	GlobalSection(SolutionProperties) = preSolution
		HideSolutionNode = FALSE
	EndGlobalSection
	GlobalSection(ExtensibilityGlobals) = postSolution
		SolutionGuid = {D16EC6A3-8C1F-4BF5-8A08-C9E10768905C}
	EndGlobalSection
EndGlobal
